<?xml version="1.0" encoding="utf-8"?>
<Project ToolsVersion="4.0" xmlns="http://schemas.microsoft.com/developer/msbuild/2003">
  <ItemGroup>
    <Filter Include="ソース ファイル">
      <UniqueIdentifier>{4FC737F1-C7A5-4376-A066-2A32D752A2FF}</UniqueIdentifier>
      <Extensions>cpp;c;cc;cxx;def;odl;idl;hpj;bat;asm;asmx</Extensions>
    </Filter>
    <Filter Include="ヘッダー ファイル">
      <UniqueIdentifier>{93995380-89BD-4b04-88EB-625FBE52EBFB}</UniqueIdentifier>
      <Extensions>h;hh;hpp;hxx;hm;inl;inc;xsd</Extensions>
    </Filter>
    <Filter Include="リソース ファイル">
      <UniqueIdentifier>{67DA6AB6-F800-4c08-8B7A-83BB121AAD01}</UniqueIdentifier>
      <Extensions>rc;ico;cur;bmp;dlg;rc2;rct;bin;rgs;gif;jpg;jpeg;jpe;resx;tiff;tif;png;wav;mfcribbon-ms</Extensions>
    </Filter>
  </ItemGroup>
  <ItemGroup>
    <ClCompile Include="bubble.c">
      <Filter>ソース ファイル</Filter>
    </ClCompile>
    <ClCompile Include="bucket.c">
      <Filter>ソース ファイル</Filter>
    </ClCompile>
    <ClCompile Include="buoyancy.c">
      <Filter>ソース ファイル</Filter>
    </ClCompile>
    <ClCompile Include="cavitation.c">
      <Filter>ソース ファイル</Filter>
    </ClCompile>
    <ClCompile Include="cg.c">
      <Filter>ソース ファイル</Filter>
    </ClCompile>
    <ClCompile Include="collision.c">
      <Filter>ソース ファイル</Filter>
    </ClCompile>
    <ClCompile Include="convection.c">
      <Filter>ソース ファイル</Filter>
    </ClCompile>
    <ClCompile Include="copy.c">
      <Filter>ソース ファイル</Filter>
    </ClCompile>
    <ClCompile Include="density.c">
      <Filter>ソース ファイル</Filter>
    </ClCompile>
    <ClCompile Include="distance.c">
      <Filter>ソース ファイル</Filter>
    </ClCompile>
    <ClCompile Include="domain.c">
      <Filter>ソース ファイル</Filter>
    </ClCompile>
    <ClCompile Include="file.c">
      <Filter>ソース ファイル</Filter>
    </ClCompile>
    <ClCompile Include="finalize.c">
      <Filter>ソース ファイル</Filter>
    </ClCompile>
    <ClCompile Include="forcedMotion.c">
      <Filter>ソース ファイル</Filter>
    </ClCompile>
    <ClCompile Include="gradient.c">
      <Filter>ソース ファイル</Filter>
    </ClCompile>
    <ClCompile Include="gravity.c">
      <Filter>ソース ファイル</Filter>
    </ClCompile>
    <ClCompile Include="inflow.c">
      <Filter>ソース ファイル</Filter>
    </ClCompile>
    <ClCompile Include="init.c">
      <Filter>ソース ファイル</Filter>
    </ClCompile>
    <ClCompile Include="main.c">
      <Filter>ソース ファイル</Filter>
    </ClCompile>
    <ClCompile Include="mathe.c">
      <Filter>ソース ファイル</Filter>
    </ClCompile>
    <ClCompile Include="maxmin.c">
      <Filter>ソース ファイル</Filter>
    </ClCompile>
    <ClCompile Include="memory.c">
      <Filter>ソース ファイル</Filter>
    </ClCompile>
    <ClCompile Include="neigh.c">
      <Filter>ソース ファイル</Filter>
    </ClCompile>
    <ClCompile Include="nzero.c">
      <Filter>ソース ファイル</Filter>
    </ClCompile>
    <ClCompile Include="object.c">
      <Filter>ソース ファイル</Filter>
    </ClCompile>
    <ClCompile Include="other.c">
      <Filter>ソース ファイル</Filter>
    </ClCompile>
    <ClCompile Include="outflow.c">
      <Filter>ソース ファイル</Filter>
    </ClCompile>
    <ClCompile Include="pressure.c">
      <Filter>ソース ファイル</Filter>
    </ClCompile>
    <ClCompile Include="quaternion.c">
      <Filter>ソース ファイル</Filter>
    </ClCompile>
    <ClCompile Include="solver.c">
      <Filter>ソース ファイル</Filter>
    </ClCompile>
    <ClCompile Include="sort.c">
      <Filter>ソース ファイル</Filter>
    </ClCompile>
    <ClCompile Include="stack.c">
      <Filter>ソース ファイル</Filter>
    </ClCompile>
    <ClCompile Include="timer.c">
      <Filter>ソース ファイル</Filter>
    </ClCompile>
    <ClCompile Include="viscosity.c">
      <Filter>ソース ファイル</Filter>
    </ClCompile>
    <ClCompile Include="weight.c">
      <Filter>ソース ファイル</Filter>
    </ClCompile>
  </ItemGroup>
  <ItemGroup>
    <ClInclude Include="bubble.h">
      <Filter>ヘッダー ファイル</Filter>
    </ClInclude>
    <ClInclude Include="bucket.h">
      <Filter>ヘッダー ファイル</Filter>
    </ClInclude>
    <ClInclude Include="buoyancy.h">
      <Filter>ヘッダー ファイル</Filter>
    </ClInclude>
    <ClInclude Include="cavitation.h">
      <Filter>ヘッダー ファイル</Filter>
    </ClInclude>
    <ClInclude Include="cg.h">
      <Filter>ヘッダー ファイル</Filter>
    </ClInclude>
    <ClInclude Include="collision.h">
      <Filter>ヘッダー ファイル</Filter>
    </ClInclude>
    <ClInclude Include="convection.h">
      <Filter>ヘッダー ファイル</Filter>
    </ClInclude>
    <ClInclude Include="copy.h">
      <Filter>ヘッダー ファイル</Filter>
    </ClInclude>
    <ClInclude Include="define.h">
      <Filter>ヘッダー ファイル</Filter>
    </ClInclude>
    <ClInclude Include="density.h">
      <Filter>ヘッダー ファイル</Filter>
    </ClInclude>
    <ClInclude Include="distance.h">
      <Filter>ヘッダー ファイル</Filter>
    </ClInclude>
    <ClInclude Include="domain.h">
      <Filter>ヘッダー ファイル</Filter>
    </ClInclude>
    <ClInclude Include="extern.h">
      <Filter>ヘッダー ファイル</Filter>
    </ClInclude>
    <ClInclude Include="file.h">
      <Filter>ヘッダー ファイル</Filter>
    </ClInclude>
    <ClInclude Include="finalize.h">
      <Filter>ヘッダー ファイル</Filter>
    </ClInclude>
    <ClInclude Include="forcedMotion.h">
      <Filter>ヘッダー ファイル</Filter>
    </ClInclude>
    <ClInclude Include="gradient.h">
      <Filter>ヘッダー ファイル</Filter>
    </ClInclude>
    <ClInclude Include="gravity.h">
      <Filter>ヘッダー ファイル</Filter>
    </ClInclude>
    <ClInclude Include="inflow.h">
      <Filter>ヘッダー ファイル</Filter>
    </ClInclude>
    <ClInclude Include="init.h">
      <Filter>ヘッダー ファイル</Filter>
    </ClInclude>
    <ClInclude Include="mathe.h">
      <Filter>ヘッダー ファイル</Filter>
    </ClInclude>
    <ClInclude Include="maxmin.h">
      <Filter>ヘッダー ファイル</Filter>
    </ClInclude>
    <ClInclude Include="memory.h">
      <Filter>ヘッダー ファイル</Filter>
    </ClInclude>
    <ClInclude Include="neigh.h">
      <Filter>ヘッダー ファイル</Filter>
    </ClInclude>
    <ClInclude Include="nzero.h">
      <Filter>ヘッダー ファイル</Filter>
    </ClInclude>
    <ClInclude Include="object.h">
      <Filter>ヘッダー ファイル</Filter>
    </ClInclude>
    <ClInclude Include="other.h">
      <Filter>ヘッダー ファイル</Filter>
    </ClInclude>
    <ClInclude Include="outflow.h">
      <Filter>ヘッダー ファイル</Filter>
    </ClInclude>
    <ClInclude Include="pressure.h">
      <Filter>ヘッダー ファイル</Filter>
    </ClInclude>
    <ClInclude Include="quaternion.h">
      <Filter>ヘッダー ファイル</Filter>
    </ClInclude>
    <ClInclude Include="solver.h">
      <Filter>ヘッダー ファイル</Filter>
    </ClInclude>
    <ClInclude Include="sort.h">
      <Filter>ヘッダー ファイル</Filter>
    </ClInclude>
    <ClInclude Include="stack.h">
      <Filter>ヘッダー ファイル</Filter>
    </ClInclude>
    <ClInclude Include="struct.h">
      <Filter>ヘッダー ファイル</Filter>
    </ClInclude>
    <ClInclude Include="timer.h">
      <Filter>ヘッダー ファイル</Filter>
    </ClInclude>
    <ClInclude Include="viscosity.h">
      <Filter>ヘッダー ファイル</Filter>
    </ClInclude>
    <ClInclude Include="weight.h">
      <Filter>ヘッダー ファイル</Filter>
    </ClInclude>
  </ItemGroup>
</Project>